{
    "content_hash": "sha256:abc123def456",
    "lock_version": "4.3",
    "package": [
        {
            "name": "requests",
            "version": "2.31.0",
            "groups": ["default"]
        },
        {
            "name": "flask",
            "version": "3.0.0",
            "groups": ["default"]
        },
        {
            "name": "numpy",
            "version": "1.24.3",
            "groups": ["default"]
        },
        {
            "name": "pytest",
            "version": "7.4.0",
            "groups": ["dev"]
        },
        {
            "name": "black",
            "version": "23.7.0",
            "groups": ["dev"]
        }
    ],
    "metadata": {
        "files": {}
    }
}
