# THIS IS AN AUTOGENERATED FILE. DO NOT EDIT THIS FILE DIRECTLY.
# yarn lockfile v1

"package@npm:^1.0.0":
  version "1.2.3"
  resolved "https://registry.npmjs.org/package/-/package-1.2.3.tgz#ghi789"
  integrity sha512-ghi789

"package@workspace:^1.0.0":
  version "1.0.0"
  resolved "workspace:packages/package"

"package@^1.0.0":
  version "1.5.0"
  resolved "https://registry.npmjs.org/package/-/package-1.5.0.tgz#jkl012"
  integrity sha512-jkl012

"package-no-version@^1.0.0":
  resolved "https://registry.npmjs.org/package-no-version/-/package-1.0.0.tgz#mno345"
  integrity sha512-mno345

"package-range@^1.0.0":
  version "1.3.5"
  resolved "https://registry.npmjs.org/package-range/-/package-1.3.5.tgz#pqr678"
  integrity sha512-pqr678
