# THIS IS AN AUTOGENERATED FILE. DO NOT EDIT THIS FILE DIRECTLY.
# yarn lockfile v1

"package@npm:^1.0.0":
  version "1.2.3"
  resolved "https://registry.npmjs.org/package/-/package-1.2.3.tgz#abc123"
  integrity sha512-abc123

"package2@workspace:^1.0.0":
  version "1.0.0"
  resolved "workspace:packages/package2"

"package3@^1.0.0":
  version "1.5.0"
  resolved "https://registry.npmjs.org/package3/-/package3-1.5.0.tgz#def456"
  integrity sha512-def456

"package4@~1.0.0":
  version "1.0.5"
  resolved "https://registry.npmjs.org/package4/-/package4-1.0.5.tgz#ghi789"
  integrity sha512-ghi789

"package5@>=1.0.0":
  version "1.3.0"
  resolved "https://registry.npmjs.org/package5/-/package5-1.3.0.tgz#jkl012"
  integrity sha512-jkl012

"package-no-version@^1.0.0":
  resolved "https://registry.npmjs.org/package-no-version/-/package-1.0.0.tgz#mno345"
  integrity sha512-mno345
