{
    "_meta": {
        "hash": {
            "sha256": "abc123def456"
        },
        "pipfile-spec": 6,
        "requires": {
            "python_version": "3.9"
        },
        "sources": [
            {
                "name": "pypi",
                "url": "https://pypi.org/simple",
                "verify_ssl": true
            }
        ]
    },
    "default": {
        "requests": {
            "hashes": [
                "sha256:1234567890abcdef"
            ],
            "version": "==2.31.0"
        },
        "flask": {
            "hashes": [
                "sha256:abcdef1234567890"
            ],
            "version": "==3.0.0"
        },
        "numpy": {
            "hashes": [
                "sha256:fedcba0987654321"
            ],
            "version": "==1.24.3"
        }
    },
    "develop": {
        "pytest": {
            "hashes": [
                "sha256:9876543210fedcba"
            ],
            "version": "==7.4.0"
        },
        "black": {
            "hashes": [
                "sha256:abcdef9876543210"
            ],
            "version": "==23.7.0"
        }
    }
}
